
Microsoft Visual Studio Solution File, Format Version 12.00
# Visual Studio Version 16
VisualStudioVersion = 16.0.31025.218
MinimumVisualStudioVersion = 10.0.40219.1
Project("{FAE04EC0-301F-11D3-BF4B-00C04F79EFBC}") = "MagicMirror", "MagicMirror\MagicMirror.csproj", "{B3A42651-62CD-4189-A31F-410E33A85B66}"
EndProject
Project("{FAE04EC0-301F-11D3-BF4B-00C04F79EFBC}") = "MagicMirror.Tests", "MagicMirror.Tests\MagicMirror.Tests.csproj", "{78E2C43D-0EBC-4A2C-84AE-27A1363625F7}"
EndProject
Global
	GlobalSection(SolutionConfigurationPlatforms) = preSolution
		Debug|Any CPU = Debug|Any CPU
		Release|Any CPU = Release|Any CPU
	EndGlobalSection
	GlobalSection(ProjectConfigurationPlatforms) = postSolution
		{B3A42651-62CD-4189-A31F-410E33A85B66}.Debug|Any CPU.ActiveCfg = Debug|Any CPU
		{B3A42651-62CD-4189-A31F-410E33A85B66}.Debug|Any CPU.Build.0 = Debug|Any CPU
		{B3A42651-62CD-4189-A31F-410E33A85B66}.Release|Any CPU.ActiveCfg = Release|Any CPU
		{B3A42651-62CD-4189-A31F-410E33A85B66}.Release|Any CPU.Build.0 = Release|Any CPU
		{78E2C43D-0EBC-4A2C-84AE-27A1363625F7}.Debug|Any CPU.ActiveCfg = Debug|Any CPU
		{78E2C43D-0EBC-4A2C-84AE-27A1363625F7}.Debug|Any CPU.Build.0 = Debug|Any CPU
		{78E2C43D-0EBC-4A2C-84AE-27A1363625F7}.Release|Any CPU.ActiveCfg = Release|Any CPU
		{78E2C43D-0EBC-4A2C-84AE-27A1363625F7}.Release|Any CPU.Build.0 = Release|Any CPU
	EndGlobalSection
	GlobalSection(SolutionProperties) = preSolution
		HideSolutionNode = FALSE
	EndGlobalSection
	GlobalSection(ExtensibilityGlobals) = postSolution
		SolutionGuid = {B88BD213-201F-40D2-AFE9-C0846FAABB0A}
	EndGlobalSection
EndGlobal
